
Microsoft Visual Studio Solution File, Format Version 12.00
# Visual Studio 15
VisualStudioVersion = 15.0.26730.16
MinimumVisualStudioVersion = 10.0.40219.1
Project("{FAE04EC0-301F-11D3-BF4B-00C04F79EFBC}") = "MathConsole", "MathConsole\MathConsole.csproj", "{45F881F8-0C1A-416D-8D61-B3FCDDB7FFDA}"
EndProject
Global
	GlobalSection(SolutionConfigurationPlatforms) = preSolution
		Debug|Any CPU = Debug|Any CPU
		Release|Any CPU = Release|Any CPU
	EndGlobalSection
	GlobalSection(ProjectConfigurationPlatforms) = postSolution
		{45F881F8-0C1A-416D-8D61-B3FCDDB7FFDA}.Debug|Any CPU.ActiveCfg = Debug|Any CPU
		{45F881F8-0C1A-416D-8D61-B3FCDDB7FFDA}.Debug|Any CPU.Build.0 = Debug|Any CPU
		{45F881F8-0C1A-416D-8D61-B3FCDDB7FFDA}.Release|Any CPU.ActiveCfg = Release|Any CPU
		{45F881F8-0C1A-416D-8D61-B3FCDDB7FFDA}.Release|Any CPU.Build.0 = Release|Any CPU
	EndGlobalSection
	GlobalSection(SolutionProperties) = preSolution
		HideSolutionNode = FALSE
	EndGlobalSection
	GlobalSection(ExtensibilityGlobals) = postSolution
		SolutionGuid = {250E587C-4501-4568-8D23-E9DB3F29B848}
	EndGlobalSection
EndGlobal
