
Microsoft Visual Studio Solution File, Format Version 12.00
# Visual Studio 15
VisualStudioVersion = 15.0.26730.16
MinimumVisualStudioVersion = 10.0.40219.1
Project("{FAE04EC0-301F-11D3-BF4B-00C04F79EFBC}") = "MathClassLibrary", "MathClassLibrary\MathClassLibrary.csproj", "{15E12876-0D7A-4FFB-AAAF-DEC4B7A8CD1B}"
EndProject
Project("{FAE04EC0-301F-11D3-BF4B-00C04F79EFBC}") = "MathClassLibrary.UnitTests", "MathClassLibrary.UnitTests\MathClassLibrary.UnitTests.csproj", "{D15417AA-70AF-40D8-BB0B-F0EBA2F0F14D}"
EndProject
Global
	GlobalSection(SolutionConfigurationPlatforms) = preSolution
		Debug|Any CPU = Debug|Any CPU
		Release|Any CPU = Release|Any CPU
	EndGlobalSection
	GlobalSection(ProjectConfigurationPlatforms) = postSolution
		{15E12876-0D7A-4FFB-AAAF-DEC4B7A8CD1B}.Debug|Any CPU.ActiveCfg = Debug|Any CPU
		{15E12876-0D7A-4FFB-AAAF-DEC4B7A8CD1B}.Debug|Any CPU.Build.0 = Debug|Any CPU
		{15E12876-0D7A-4FFB-AAAF-DEC4B7A8CD1B}.Release|Any CPU.ActiveCfg = Release|Any CPU
		{15E12876-0D7A-4FFB-AAAF-DEC4B7A8CD1B}.Release|Any CPU.Build.0 = Release|Any CPU
		{D15417AA-70AF-40D8-BB0B-F0EBA2F0F14D}.Debug|Any CPU.ActiveCfg = Debug|Any CPU
		{D15417AA-70AF-40D8-BB0B-F0EBA2F0F14D}.Debug|Any CPU.Build.0 = Debug|Any CPU
		{D15417AA-70AF-40D8-BB0B-F0EBA2F0F14D}.Release|Any CPU.ActiveCfg = Release|Any CPU
		{D15417AA-70AF-40D8-BB0B-F0EBA2F0F14D}.Release|Any CPU.Build.0 = Release|Any CPU
	EndGlobalSection
	GlobalSection(SolutionProperties) = preSolution
		HideSolutionNode = FALSE
	EndGlobalSection
	GlobalSection(ExtensibilityGlobals) = postSolution
		SolutionGuid = {5B6AF96E-303B-4F23-8721-F338FF01433A}
	EndGlobalSection
EndGlobal
