
Microsoft Visual Studio Solution File, Format Version 12.00
# Visual Studio 15
VisualStudioVersion = 15.0.26730.16
MinimumVisualStudioVersion = 10.0.40219.1
Project("{FAE04EC0-301F-11D3-BF4B-00C04F79EFBC}") = "SampleLibrary", "SampleLibrary\SampleLibrary.csproj", "{8B4A9253-9AB7-4F42-AC61-D1DE90C99BAE}"
EndProject
Global
	GlobalSection(SolutionConfigurationPlatforms) = preSolution
		Debug|Any CPU = Debug|Any CPU
		Release|Any CPU = Release|Any CPU
	EndGlobalSection
	GlobalSection(ProjectConfigurationPlatforms) = postSolution
		{8B4A9253-9AB7-4F42-AC61-D1DE90C99BAE}.Debug|Any CPU.ActiveCfg = Debug|Any CPU
		{8B4A9253-9AB7-4F42-AC61-D1DE90C99BAE}.Debug|Any CPU.Build.0 = Debug|Any CPU
		{8B4A9253-9AB7-4F42-AC61-D1DE90C99BAE}.Release|Any CPU.ActiveCfg = Release|Any CPU
		{8B4A9253-9AB7-4F42-AC61-D1DE90C99BAE}.Release|Any CPU.Build.0 = Release|Any CPU
	EndGlobalSection
	GlobalSection(SolutionProperties) = preSolution
		HideSolutionNode = FALSE
	EndGlobalSection
	GlobalSection(ExtensibilityGlobals) = postSolution
		SolutionGuid = {492C1212-0AD7-49DB-B240-89F2F22E99F5}
	EndGlobalSection
EndGlobal
