
Microsoft Visual Studio Solution File, Format Version 12.00
# Visual Studio 15
VisualStudioVersion = 15.0.26730.16
MinimumVisualStudioVersion = 10.0.40219.1
Project("{FAE04EC0-301F-11D3-BF4B-00C04F79EFBC}") = "ConsoleDateTime", "ConsoleDateTime\ConsoleDateTime.csproj", "{46915A34-FBB1-4660-985A-B6BBDC9391D8}"
EndProject
Global
	GlobalSection(SolutionConfigurationPlatforms) = preSolution
		Debug|Any CPU = Debug|Any CPU
		Release|Any CPU = Release|Any CPU
	EndGlobalSection
	GlobalSection(ProjectConfigurationPlatforms) = postSolution
		{46915A34-FBB1-4660-985A-B6BBDC9391D8}.Debug|Any CPU.ActiveCfg = Debug|Any CPU
		{46915A34-FBB1-4660-985A-B6BBDC9391D8}.Debug|Any CPU.Build.0 = Debug|Any CPU
		{46915A34-FBB1-4660-985A-B6BBDC9391D8}.Release|Any CPU.ActiveCfg = Release|Any CPU
		{46915A34-FBB1-4660-985A-B6BBDC9391D8}.Release|Any CPU.Build.0 = Release|Any CPU
	EndGlobalSection
	GlobalSection(SolutionProperties) = preSolution
		HideSolutionNode = FALSE
	EndGlobalSection
	GlobalSection(ExtensibilityGlobals) = postSolution
		SolutionGuid = {6C0CE529-07F7-4514-97D9-264B1A6ACE0A}
	EndGlobalSection
EndGlobal
