
Microsoft Visual Studio Solution File, Format Version 12.00
# Visual Studio 15
VisualStudioVersion = 15.0.26730.16
MinimumVisualStudioVersion = 10.0.40219.1
Project("{FAE04EC0-301F-11D3-BF4B-00C04F79EFBC}") = "UserLogin", "UserLogin\UserLogin.csproj", "{CBBB65DE-7FEE-4B64-AA86-3B6566F31907}"
EndProject
Global
	GlobalSection(SolutionConfigurationPlatforms) = preSolution
		Debug|Any CPU = Debug|Any CPU
		Release|Any CPU = Release|Any CPU
	EndGlobalSection
	GlobalSection(ProjectConfigurationPlatforms) = postSolution
		{CBBB65DE-7FEE-4B64-AA86-3B6566F31907}.Debug|Any CPU.ActiveCfg = Debug|Any CPU
		{CBBB65DE-7FEE-4B64-AA86-3B6566F31907}.Debug|Any CPU.Build.0 = Debug|Any CPU
		{CBBB65DE-7FEE-4B64-AA86-3B6566F31907}.Release|Any CPU.ActiveCfg = Release|Any CPU
		{CBBB65DE-7FEE-4B64-AA86-3B6566F31907}.Release|Any CPU.Build.0 = Release|Any CPU
	EndGlobalSection
	GlobalSection(SolutionProperties) = preSolution
		HideSolutionNode = FALSE
	EndGlobalSection
	GlobalSection(ExtensibilityGlobals) = postSolution
		SolutionGuid = {957394A8-9CF7-498D-A876-174C8458ADDA}
	EndGlobalSection
EndGlobal
