
Microsoft Visual Studio Solution File, Format Version 12.00
# Visual Studio 15
VisualStudioVersion = 15.0.26730.16
MinimumVisualStudioVersion = 10.0.40219.1
Project("{FAE04EC0-301F-11D3-BF4B-00C04F79EFBC}") = "LMS", "LMS\LMS.csproj", "{923654AF-1956-4906-A3D8-96D119F70282}"
EndProject
Global
	GlobalSection(SolutionConfigurationPlatforms) = preSolution
		Debug|Any CPU = Debug|Any CPU
		Release|Any CPU = Release|Any CPU
	EndGlobalSection
	GlobalSection(ProjectConfigurationPlatforms) = postSolution
		{923654AF-1956-4906-A3D8-96D119F70282}.Debug|Any CPU.ActiveCfg = Debug|Any CPU
		{923654AF-1956-4906-A3D8-96D119F70282}.Debug|Any CPU.Build.0 = Debug|Any CPU
		{923654AF-1956-4906-A3D8-96D119F70282}.Release|Any CPU.ActiveCfg = Release|Any CPU
		{923654AF-1956-4906-A3D8-96D119F70282}.Release|Any CPU.Build.0 = Release|Any CPU
	EndGlobalSection
	GlobalSection(SolutionProperties) = preSolution
		HideSolutionNode = FALSE
	EndGlobalSection
	GlobalSection(ExtensibilityGlobals) = postSolution
		SolutionGuid = {1F6E51E5-595B-429D-BFA3-6AC8D980FC69}
	EndGlobalSection
EndGlobal
